// !$*UTF8*$!
{
	archiveVersion = 1;
	classes = {
	};
	objectVersion = 56;
	objects = {

/* Begin PBXBuildFile section */
		3374397B2A2B7BC10019B9F0 /* SelectRegionItem.swift in Sources */ = {isa = PBXBuildFile; fileRef = 3374397A2A2B7BC10019B9F0 /* SelectRegionItem.swift */; };
		3374397E2A2C4B080019B9F0 /* CenterRow.swift in Sources */ = {isa = PBXBuildFile; fileRef = 3374397D2A2C4B080019B9F0 /* CenterRow.swift */; };
		337439802A2C7B3D0019B9F0 /* CenterList.swift in Sources */ = {isa = PBXBuildFile; fileRef = 3374397F2A2C7B3D0019B9F0 /* CenterList.swift */; };
		337439842A2C7EDE0019B9F0 /* MapView.swift in Sources */ = {isa = PBXBuildFile; fileRef = 337439832A2C7EDE0019B9F0 /* MapView.swift */; };
		337439872A2CFB720019B9F0 /* CenterDetailView.swift in Sources */ = {isa = PBXBuildFile; fileRef = 337439862A2CFB720019B9F0 /* CenterDetailView.swift */; };
		337E39642A29C24500435FB1 /* Find_COVID19_CenterApp.swift in Sources */ = {isa = PBXBuildFile; fileRef = 337E39632A29C24500435FB1 /* Find_COVID19_CenterApp.swift */; };
		337E39682A29C24600435FB1 /* Assets.xcassets in Resources */ = {isa = PBXBuildFile; fileRef = 337E39672A29C24600435FB1 /* Assets.xcassets */; };
		337E396B2A29C24600435FB1 /* Preview Assets.xcassets in Resources */ = {isa = PBXBuildFile; fileRef = 337E396A2A29C24600435FB1 /* Preview Assets.xcassets */; };
		337E39722A29C27200435FB1 /* CenterAPIRespose.swift in Sources */ = {isa = PBXBuildFile; fileRef = 337E39712A29C27200435FB1 /* CenterAPIRespose.swift */; };
		337E39752A29C2B100435FB1 /* Center.swift in Sources */ = {isa = PBXBuildFile; fileRef = 337E39742A29C2B100435FB1 /* Center.swift */; };
		337E39772A29D55E00435FB1 /* CenterAPI.swift in Sources */ = {isa = PBXBuildFile; fileRef = 337E39762A29D55E00435FB1 /* CenterAPI.swift */; };
		337E397A2A29DB9000435FB1 /* CenterNetwork.swift in Sources */ = {isa = PBXBuildFile; fileRef = 337E39792A29DB9000435FB1 /* CenterNetwork.swift */; };
		337E397C2A2A0A1000435FB1 /* SelectRegionView.swift in Sources */ = {isa = PBXBuildFile; fileRef = 337E397B2A2A0A1000435FB1 /* SelectRegionView.swift */; };
		337E397E2A2A0A3600435FB1 /* SelectRegionVM.swift in Sources */ = {isa = PBXBuildFile; fileRef = 337E397D2A2A0A3600435FB1 /* SelectRegionVM.swift */; };
/* End PBXBuildFile section */

/* Begin PBXFileReference section */
		3374397A2A2B7BC10019B9F0 /* SelectRegionItem.swift */ = {isa = PBXFileReference; lastKnownFileType = sourcecode.swift; path = SelectRegionItem.swift; sourceTree = "<group>"; };
		3374397D2A2C4B080019B9F0 /* CenterRow.swift */ = {isa = PBXFileReference; lastKnownFileType = sourcecode.swift; path = CenterRow.swift; sourceTree = "<group>"; };
		3374397F2A2C7B3D0019B9F0 /* CenterList.swift */ = {isa = PBXFileReference; lastKnownFileType = sourcecode.swift; path = CenterList.swift; sourceTree = "<group>"; };
		337439832A2C7EDE0019B9F0 /* MapView.swift */ = {isa = PBXFileReference; lastKnownFileType = sourcecode.swift; path = MapView.swift; sourceTree = "<group>"; };
		337439862A2CFB720019B9F0 /* CenterDetailView.swift */ = {isa = PBXFileReference; lastKnownFileType = sourcecode.swift; path = CenterDetailView.swift; sourceTree = "<group>"; };
		337E39602A29C24500435FB1 /* Find_COVID19_Center.app */ = {isa = PBXFileReference; explicitFileType = wrapper.application; includeInIndex = 0; path = Find_COVID19_Center.app; sourceTree = BUILT_PRODUCTS_DIR; };
		337E39632A29C24500435FB1 /* Find_COVID19_CenterApp.swift */ = {isa = PBXFileReference; lastKnownFileType = sourcecode.swift; path = Find_COVID19_CenterApp.swift; sourceTree = "<group>"; };
		337E39672A29C24600435FB1 /* Assets.xcassets */ = {isa = PBXFileReference; lastKnownFileType = folder.assetcatalog; path = Assets.xcassets; sourceTree = "<group>"; };
		337E396A2A29C24600435FB1 /* Preview Assets.xcassets */ = {isa = PBXFileReference; lastKnownFileType = folder.assetcatalog; path = "Preview Assets.xcassets"; sourceTree = "<group>"; };
		337E39712A29C27200435FB1 /* CenterAPIRespose.swift */ = {isa = PBXFileReference; lastKnownFileType = sourcecode.swift; path = CenterAPIRespose.swift; sourceTree = "<group>"; };
		337E39742A29C2B100435FB1 /* Center.swift */ = {isa = PBXFileReference; lastKnownFileType = sourcecode.swift; path = Center.swift; sourceTree = "<group>"; };
		337E39762A29D55E00435FB1 /* CenterAPI.swift */ = {isa = PBXFileReference; lastKnownFileType = sourcecode.swift; path = CenterAPI.swift; sourceTree = "<group>"; };
		337E39792A29DB9000435FB1 /* CenterNetwork.swift */ = {isa = PBXFileReference; lastKnownFileType = sourcecode.swift; path = CenterNetwork.swift; sourceTree = "<group>"; };
		337E397B2A2A0A1000435FB1 /* SelectRegionView.swift */ = {isa = PBXFileReference; lastKnownFileType = sourcecode.swift; path = SelectRegionView.swift; sourceTree = "<group>"; };
		337E397D2A2A0A3600435FB1 /* SelectRegionVM.swift */ = {isa = PBXFileReference; lastKnownFileType = sourcecode.swift; path = SelectRegionVM.swift; sourceTree = "<group>"; };
/* End PBXFileReference section */

/* Begin PBXFrameworksBuildPhase section */
		337E395D2A29C24500435FB1 /* Frameworks */ = {
			isa = PBXFrameworksBuildPhase;
			buildActionMask = 2147483647;
			files = (
			);
			runOnlyForDeploymentPostprocessing = 0;
		};
/* End PBXFrameworksBuildPhase section */

/* Begin PBXGroup section */
		3374397C2A2BA7370019B9F0 /* Presentation */ = {
			isa = PBXGroup;
			children = (
				337439812A2C7EB80019B9F0 /* SelectRegionView */,
				337439822A2C7ECD0019B9F0 /* CenterList */,
			);
			path = Presentation;
			sourceTree = "<group>";
		};
		337439812A2C7EB80019B9F0 /* SelectRegionView */ = {
			isa = PBXGroup;
			children = (
				337E397B2A2A0A1000435FB1 /* SelectRegionView.swift */,
				3374397A2A2B7BC10019B9F0 /* SelectRegionItem.swift */,
				337E397D2A2A0A3600435FB1 /* SelectRegionVM.swift */,
			);
			path = SelectRegionView;
			sourceTree = "<group>";
		};
		337439822A2C7ECD0019B9F0 /* CenterList */ = {
			isa = PBXGroup;
			children = (
				3374397D2A2C4B080019B9F0 /* CenterRow.swift */,
				3374397F2A2C7B3D0019B9F0 /* CenterList.swift */,
				337439852A2CFB5E0019B9F0 /* DetailView */,
			);
			path = CenterList;
			sourceTree = "<group>";
		};
		337439852A2CFB5E0019B9F0 /* DetailView */ = {
			isa = PBXGroup;
			children = (
				337439832A2C7EDE0019B9F0 /* MapView.swift */,
				337439862A2CFB720019B9F0 /* CenterDetailView.swift */,
			);
			path = DetailView;
			sourceTree = "<group>";
		};
		337E39572A29C24500435FB1 = {
			isa = PBXGroup;
			children = (
				337E39622A29C24500435FB1 /* Find_COVID19_Center */,
				337E39612A29C24500435FB1 /* Products */,
			);
			sourceTree = "<group>";
		};
		337E39612A29C24500435FB1 /* Products */ = {
			isa = PBXGroup;
			children = (
				337E39602A29C24500435FB1 /* Find_COVID19_Center.app */,
			);
			name = Products;
			sourceTree = "<group>";
		};
		337E39622A29C24500435FB1 /* Find_COVID19_Center */ = {
			isa = PBXGroup;
			children = (
				337E39632A29C24500435FB1 /* Find_COVID19_CenterApp.swift */,
				337E39732A29C27C00435FB1 /* Entities */,
				337E39782A29D56800435FB1 /* Network */,
				3374397C2A2BA7370019B9F0 /* Presentation */,
				337E39672A29C24600435FB1 /* Assets.xcassets */,
				337E39692A29C24600435FB1 /* Preview Content */,
			);
			path = Find_COVID19_Center;
			sourceTree = "<group>";
		};
		337E39692A29C24600435FB1 /* Preview Content */ = {
			isa = PBXGroup;
			children = (
				337E396A2A29C24600435FB1 /* Preview Assets.xcassets */,
			);
			path = "Preview Content";
			sourceTree = "<group>";
		};
		337E39732A29C27C00435FB1 /* Entities */ = {
			isa = PBXGroup;
			children = (
				337E39712A29C27200435FB1 /* CenterAPIRespose.swift */,
				337E39742A29C2B100435FB1 /* Center.swift */,
			);
			path = Entities;
			sourceTree = "<group>";
		};
		337E39782A29D56800435FB1 /* Network */ = {
			isa = PBXGroup;
			children = (
				337E39762A29D55E00435FB1 /* CenterAPI.swift */,
				337E39792A29DB9000435FB1 /* CenterNetwork.swift */,
			);
			path = Network;
			sourceTree = "<group>";
		};
/* End PBXGroup section */

/* Begin PBXNativeTarget section */
		337E395F2A29C24500435FB1 /* Find_COVID19_Center */ = {
			isa = PBXNativeTarget;
			buildConfigurationList = 337E396E2A29C24600435FB1 /* Build configuration list for PBXNativeTarget "Find_COVID19_Center" */;
			buildPhases = (
				337E395C2A29C24500435FB1 /* Sources */,
				337E395D2A29C24500435FB1 /* Frameworks */,
				337E395E2A29C24500435FB1 /* Resources */,
			);
			buildRules = (
			);
			dependencies = (
			);
			name = Find_COVID19_Center;
			productName = Find_COVID19_Center;
			productReference = 337E39602A29C24500435FB1 /* Find_COVID19_Center.app */;
			productType = "com.apple.product-type.application";
		};
/* End PBXNativeTarget section */

/* Begin PBXProject section */
		337E39582A29C24500435FB1 /* Project object */ = {
			isa = PBXProject;
			attributes = {
				BuildIndependentTargetsInParallel = 1;
				LastSwiftUpdateCheck = 1430;
				LastUpgradeCheck = 1430;
				TargetAttributes = {
					337E395F2A29C24500435FB1 = {
						CreatedOnToolsVersion = 14.3;
					};
				};
			};
			buildConfigurationList = 337E395B2A29C24500435FB1 /* Build configuration list for PBXProject "Find_COVID19_Center" */;
			compatibilityVersion = "Xcode 14.0";
			developmentRegion = en;
			hasScannedForEncodings = 0;
			knownRegions = (
				en,
				Base,
			);
			mainGroup = 337E39572A29C24500435FB1;
			productRefGroup = 337E39612A29C24500435FB1 /* Products */;
			projectDirPath = "";
			projectRoot = "";
			targets = (
				337E395F2A29C24500435FB1 /* Find_COVID19_Center */,
			);
		};
/* End PBXProject section */

/* Begin PBXResourcesBuildPhase section */
		337E395E2A29C24500435FB1 /* Resources */ = {
			isa = PBXResourcesBuildPhase;
			buildActionMask = 2147483647;
			files = (
				337E396B2A29C24600435FB1 /* Preview Assets.xcassets in Resources */,
				337E39682A29C24600435FB1 /* Assets.xcassets in Resources */,
			);
			runOnlyForDeploymentPostprocessing = 0;
		};
/* End PBXResourcesBuildPhase section */

/* Begin PBXSourcesBuildPhase section */
		337E395C2A29C24500435FB1 /* Sources */ = {
			isa = PBXSourcesBuildPhase;
			buildActionMask = 2147483647;
			files = (
				337E39752A29C2B100435FB1 /* Center.swift in Sources */,
				337439842A2C7EDE0019B9F0 /* MapView.swift in Sources */,
				3374397B2A2B7BC10019B9F0 /* SelectRegionItem.swift in Sources */,
				337439802A2C7B3D0019B9F0 /* CenterList.swift in Sources */,
				337E397A2A29DB9000435FB1 /* CenterNetwork.swift in Sources */,
				337439872A2CFB720019B9F0 /* CenterDetailView.swift in Sources */,
				3374397E2A2C4B080019B9F0 /* CenterRow.swift in Sources */,
				337E39772A29D55E00435FB1 /* CenterAPI.swift in Sources */,
				337E39722A29C27200435FB1 /* CenterAPIRespose.swift in Sources */,
				337E397C2A2A0A1000435FB1 /* SelectRegionView.swift in Sources */,
				337E397E2A2A0A3600435FB1 /* SelectRegionVM.swift in Sources */,
				337E39642A29C24500435FB1 /* Find_COVID19_CenterApp.swift in Sources */,
			);
			runOnlyForDeploymentPostprocessing = 0;
		};
/* End PBXSourcesBuildPhase section */

/* Begin XCBuildConfiguration section */
		337E396C2A29C24600435FB1 /* Debug */ = {
			isa = XCBuildConfiguration;
			buildSettings = {
				ALWAYS_SEARCH_USER_PATHS = NO;
				CLANG_ANALYZER_NONNULL = YES;
				CLANG_ANALYZER_NUMBER_OBJECT_CONVERSION = YES_AGGRESSIVE;
				CLANG_CXX_LANGUAGE_STANDARD = "gnu++20";
				CLANG_ENABLE_MODULES = YES;
				CLANG_ENABLE_OBJC_ARC = YES;
				CLANG_ENABLE_OBJC_WEAK = YES;
				CLANG_WARN_BLOCK_CAPTURE_AUTORELEASING = YES;
				CLANG_WARN_BOOL_CONVERSION = YES;
				CLANG_WARN_COMMA = YES;
				CLANG_WARN_CONSTANT_CONVERSION = YES;
				CLANG_WARN_DEPRECATED_OBJC_IMPLEMENTATIONS = YES;
				CLANG_WARN_DIRECT_OBJC_ISA_USAGE = YES_ERROR;
				CLANG_WARN_DOCUMENTATION_COMMENTS = YES;
				CLANG_WARN_EMPTY_BODY = YES;
				CLANG_WARN_ENUM_CONVERSION = YES;
				CLANG_WARN_INFINITE_RECURSION = YES;
				CLANG_WARN_INT_CONVERSION = YES;
				CLANG_WARN_NON_LITERAL_NULL_CONVERSION = YES;
				CLANG_WARN_OBJC_IMPLICIT_RETAIN_SELF = YES;
				CLANG_WARN_OBJC_LITERAL_CONVERSION = YES;
				CLANG_WARN_OBJC_ROOT_CLASS = YES_ERROR;
				CLANG_WARN_QUOTED_INCLUDE_IN_FRAMEWORK_HEADER = YES;
				CLANG_WARN_RANGE_LOOP_ANALYSIS = YES;
				CLANG_WARN_STRICT_PROTOTYPES = YES;
				CLANG_WARN_SUSPICIOUS_MOVE = YES;
				CLANG_WARN_UNGUARDED_AVAILABILITY = YES_AGGRESSIVE;
				CLANG_WARN_UNREACHABLE_CODE = YES;
				CLANG_WARN__DUPLICATE_METHOD_MATCH = YES;
				COPY_PHASE_STRIP = NO;
				DEBUG_INFORMATION_FORMAT = dwarf;
				ENABLE_STRICT_OBJC_MSGSEND = YES;
				ENABLE_TESTABILITY = YES;
				GCC_C_LANGUAGE_STANDARD = gnu11;
				GCC_DYNAMIC_NO_PIC = NO;
				GCC_NO_COMMON_BLOCKS = YES;
				GCC_OPTIMIZATION_LEVEL = 0;
				GCC_PREPROCESSOR_DEFINITIONS = (
					"DEBUG=1",
					"$(inherited)",
				);
				GCC_WARN_64_TO_32_BIT_CONVERSION = YES;
				GCC_WARN_ABOUT_RETURN_TYPE = YES_ERROR;
				GCC_WARN_UNDECLARED_SELECTOR = YES;
				GCC_WARN_UNINITIALIZED_AUTOS = YES_AGGRESSIVE;
				GCC_WARN_UNUSED_FUNCTION = YES;
				GCC_WARN_UNUSED_VARIABLE = YES;
				IPHONEOS_DEPLOYMENT_TARGET = 16.4;
				MTL_ENABLE_DEBUG_INFO = INCLUDE_SOURCE;
				MTL_FAST_MATH = YES;
				ONLY_ACTIVE_ARCH = YES;
				SDKROOT = iphoneos;
				SWIFT_ACTIVE_COMPILATION_CONDITIONS = DEBUG;
				SWIFT_OPTIMIZATION_LEVEL = "-Onone";
			};
			name = Debug;
		};
		337E396D2A29C24600435FB1 /* Release */ = {
			isa = XCBuildConfiguration;
			buildSettings = {
				ALWAYS_SEARCH_USER_PATHS = NO;
				CLANG_ANALYZER_NONNULL = YES;
				CLANG_ANALYZER_NUMBER_OBJECT_CONVERSION = YES_AGGRESSIVE;
				CLANG_CXX_LANGUAGE_STANDARD = "gnu++20";
				CLANG_ENABLE_MODULES = YES;
				CLANG_ENABLE_OBJC_ARC = YES;
				CLANG_ENABLE_OBJC_WEAK = YES;
				CLANG_WARN_BLOCK_CAPTURE_AUTORELEASING = YES;
				CLANG_WARN_BOOL_CONVERSION = YES;
				CLANG_WARN_COMMA = YES;
				CLANG_WARN_CONSTANT_CONVERSION = YES;
				CLANG_WARN_DEPRECATED_OBJC_IMPLEMENTATIONS = YES;
				CLANG_WARN_DIRECT_OBJC_ISA_USAGE = YES_ERROR;
				CLANG_WARN_DOCUMENTATION_COMMENTS = YES;
				CLANG_WARN_EMPTY_BODY = YES;
				CLANG_WARN_ENUM_CONVERSION = YES;
				CLANG_WARN_INFINITE_RECURSION = YES;
				CLANG_WARN_INT_CONVERSION = YES;
				CLANG_WARN_NON_LITERAL_NULL_CONVERSION = YES;
				CLANG_WARN_OBJC_IMPLICIT_RETAIN_SELF = YES;
				CLANG_WARN_OBJC_LITERAL_CONVERSION = YES;
				CLANG_WARN_OBJC_ROOT_CLASS = YES_ERROR;
				CLANG_WARN_QUOTED_INCLUDE_IN_FRAMEWORK_HEADER = YES;
				CLANG_WARN_RANGE_LOOP_ANALYSIS = YES;
				CLANG_WARN_STRICT_PROTOTYPES = YES;
				CLANG_WARN_SUSPICIOUS_MOVE = YES;
				CLANG_WARN_UNGUARDED_AVAILABILITY = YES_AGGRESSIVE;
				CLANG_WARN_UNREACHABLE_CODE = YES;
				CLANG_WARN__DUPLICATE_METHOD_MATCH = YES;
				COPY_PHASE_STRIP = NO;
				DEBUG_INFORMATION_FORMAT = "dwarf-with-dsym";
				ENABLE_NS_ASSERTIONS = NO;
				ENABLE_STRICT_OBJC_MSGSEND = YES;
				GCC_C_LANGUAGE_STANDARD = gnu11;
				GCC_NO_COMMON_BLOCKS = YES;
				GCC_WARN_64_TO_32_BIT_CONVERSION = YES;
				GCC_WARN_ABOUT_RETURN_TYPE = YES_ERROR;
				GCC_WARN_UNDECLARED_SELECTOR = YES;
				GCC_WARN_UNINITIALIZED_AUTOS = YES_AGGRESSIVE;
				GCC_WARN_UNUSED_FUNCTION = YES;
				GCC_WARN_UNUSED_VARIABLE = YES;
				IPHONEOS_DEPLOYMENT_TARGET = 16.4;
				MTL_ENABLE_DEBUG_INFO = NO;
				MTL_FAST_MATH = YES;
				SDKROOT = iphoneos;
				SWIFT_COMPILATION_MODE = wholemodule;
				SWIFT_OPTIMIZATION_LEVEL = "-O";
				VALIDATE_PRODUCT = YES;
			};
			name = Release;
		};
		337E396F2A29C24600435FB1 /* Debug */ = {
			isa = XCBuildConfiguration;
			buildSettings = {
				ASSETCATALOG_COMPILER_APPICON_NAME = AppIcon;
				ASSETCATALOG_COMPILER_GLOBAL_ACCENT_COLOR_NAME = AccentColor;
				CODE_SIGN_STYLE = Automatic;
				CURRENT_PROJECT_VERSION = 1;
				DEVELOPMENT_ASSET_PATHS = "\"Find_COVID19_Center/Preview Content\"";
				DEVELOPMENT_TEAM = HJ943JVKX7;
				ENABLE_PREVIEWS = YES;
				GENERATE_INFOPLIST_FILE = YES;
				INFOPLIST_KEY_UIApplicationSceneManifest_Generation = YES;
				INFOPLIST_KEY_UIApplicationSupportsIndirectInputEvents = YES;
				INFOPLIST_KEY_UILaunchScreen_Generation = YES;
				INFOPLIST_KEY_UISupportedInterfaceOrientations_iPad = "UIInterfaceOrientationPortrait UIInterfaceOrientationPortraitUpsideDown UIInterfaceOrientationLandscapeLeft UIInterfaceOrientationLandscapeRight";
				INFOPLIST_KEY_UISupportedInterfaceOrientations_iPhone = "UIInterfaceOrientationPortrait UIInterfaceOrientationLandscapeLeft UIInterfaceOrientationLandscapeRight";
				LD_RUNPATH_SEARCH_PATHS = (
					"$(inherited)",
					"@executable_path/Frameworks",
				);
				MARKETING_VERSION = 1.0;
				PRODUCT_BUNDLE_IDENTIFIER = "oasis444.Find-COVID19-Center";
				PRODUCT_NAME = "$(TARGET_NAME)";
				SWIFT_EMIT_LOC_STRINGS = YES;
				SWIFT_VERSION = 5.0;
				TARGETED_DEVICE_FAMILY = "1,2";
			};
			name = Debug;
		};
		337E39702A29C24600435FB1 /* Release */ = {
			isa = XCBuildConfiguration;
			buildSettings = {
				ASSETCATALOG_COMPILER_APPICON_NAME = AppIcon;
				ASSETCATALOG_COMPILER_GLOBAL_ACCENT_COLOR_NAME = AccentColor;
				CODE_SIGN_STYLE = Automatic;
				CURRENT_PROJECT_VERSION = 1;
				DEVELOPMENT_ASSET_PATHS = "\"Find_COVID19_Center/Preview Content\"";
				DEVELOPMENT_TEAM = HJ943JVKX7;
				ENABLE_PREVIEWS = YES;
				GENERATE_INFOPLIST_FILE = YES;
				INFOPLIST_KEY_UIApplicationSceneManifest_Generation = YES;
				INFOPLIST_KEY_UIApplicationSupportsIndirectInputEvents = YES;
				INFOPLIST_KEY_UILaunchScreen_Generation = YES;
				INFOPLIST_KEY_UISupportedInterfaceOrientations_iPad = "UIInterfaceOrientationPortrait UIInterfaceOrientationPortraitUpsideDown UIInterfaceOrientationLandscapeLeft UIInterfaceOrientationLandscapeRight";
				INFOPLIST_KEY_UISupportedInterfaceOrientations_iPhone = "UIInterfaceOrientationPortrait UIInterfaceOrientationLandscapeLeft UIInterfaceOrientationLandscapeRight";
				LD_RUNPATH_SEARCH_PATHS = (
					"$(inherited)",
					"@executable_path/Frameworks",
				);
				MARKETING_VERSION = 1.0;
				PRODUCT_BUNDLE_IDENTIFIER = "oasis444.Find-COVID19-Center";
				PRODUCT_NAME = "$(TARGET_NAME)";
				SWIFT_EMIT_LOC_STRINGS = YES;
				SWIFT_VERSION = 5.0;
				TARGETED_DEVICE_FAMILY = "1,2";
			};
			name = Release;
		};
/* End XCBuildConfiguration section */

/* Begin XCConfigurationList section */
		337E395B2A29C24500435FB1 /* Build configuration list for PBXProject "Find_COVID19_Center" */ = {
			isa = XCConfigurationList;
			buildConfigurations = (
				337E396C2A29C24600435FB1 /* Debug */,
				337E396D2A29C24600435FB1 /* Release */,
			);
			defaultConfigurationIsVisible = 0;
			defaultConfigurationName = Release;
		};
		337E396E2A29C24600435FB1 /* Build configuration list for PBXNativeTarget "Find_COVID19_Center" */ = {
			isa = XCConfigurationList;
			buildConfigurations = (
				337E396F2A29C24600435FB1 /* Debug */,
				337E39702A29C24600435FB1 /* Release */,
			);
			defaultConfigurationIsVisible = 0;
			defaultConfigurationName = Release;
		};
/* End XCConfigurationList section */
	};
	rootObject = 337E39582A29C24500435FB1 /* Project object */;
}
